{
  "lockfileVersion": 1,
  "dependencies": {
    "vue-swipe": {
      "version": "2.0.3",
      "resolved": "https://registry.npmjs.org/vue-swipe/-/vue-swipe-2.0.3.tgz",
      "integrity": "sha1-A7cdBKgZtfVu+gnNgmWMMOjIRsU="
    },
    "wind-dom": {
      "version": "0.0.3",
      "resolved": "https://registry.npmjs.org/wind-dom/-/wind-dom-0.0.3.tgz",
      "integrity": "sha1-NFbj2Vnb69y/dspoxqToFC8mNg8="
    }
  }
}
